<?xml version="1.0" encoding="utf-8"?>
<Project ToolsVersion="4.0" xmlns="http://schemas.microsoft.com/developer/msbuild/2003">
  <ItemGroup>
    <Filter Include="Source Files">
      <UniqueIdentifier>{4FC737F1-C7A5-4376-A066-2A32D752A2FF}</UniqueIdentifier>
      <Extensions>cpp;c;cc;cxx;def;odl;idl;hpj;bat;asm;asmx</Extensions>
    </Filter>
    <Filter Include="Header Files">
      <UniqueIdentifier>{93995380-89BD-4b04-88EB-625FBE52EBFB}</UniqueIdentifier>
      <Extensions>h;hh;hpp;hxx;hm;inl;inc;xsd</Extensions>
    </Filter>
    <Filter Include="Resource Files">
      <UniqueIdentifier>{67DA6AB6-F800-4c08-8B7A-83BB121AAD01}</UniqueIdentifier>
      <Extensions>rc;ico;cur;bmp;dlg;rc2;rct;bin;rgs;gif;jpg;jpeg;jpe;resx;tiff;tif;png;wav;mfcribbon-ms</Extensions>
    </Filter>
  </ItemGroup>
  <ItemGroup>
    <ClCompile Include="main.cpp">
      <Filter>Source Files</Filter>
    </ClCompile>
    <ClCompile Include="View\CLI.cpp">
      <Filter>Source Files</Filter>
    </ClCompile>
    <ClCompile Include="Model\Maze\Maze2D.cpp">
      <Filter>Source Files</Filter>
    </ClCompile>
    <ClCompile Include="Model\Maze\Maze2dGenerator.cpp">
      <Filter>Source Files</Filter>
    </ClCompile>
    <ClCompile Include="Model\Maze\Position.cpp">
      <Filter>Source Files</Filter>
    </ClCompile>
    <ClCompile Include="Model\compress\mazeCompression.cpp">
      <Filter>Source Files</Filter>
    </ClCompile>
    <ClCompile Include="Model\compress\MazeCompressor.cpp">
      <Filter>Source Files</Filter>
    </ClCompile>
    <ClCompile Include="Controller\Command.cpp">
      <Filter>Source Files</Filter>
    </ClCompile>
    <ClCompile Include="Controller\Controller.cpp">
      <Filter>Source Files</Filter>
    </ClCompile>
    <ClCompile Include="Controller\MazeContoroller.cpp">
      <Filter>Source Files</Filter>
    </ClCompile>
  </ItemGroup>
  <ItemGroup>
    <ClInclude Include="View\CLI.h">
      <Filter>Header Files</Filter>
    </ClInclude>
    <ClInclude Include="View\View.h">
      <Filter>Header Files</Filter>
    </ClInclude>
    <ClInclude Include="Model\SearchAlg\BFS.h">
      <Filter>Header Files</Filter>
    </ClInclude>
    <ClInclude Include="Model\SearchAlg\CommonSearcher.h">
      <Filter>Header Files</Filter>
    </ClInclude>
    <ClInclude Include="Model\SearchAlg\Searchable.h">
      <Filter>Header Files</Filter>
    </ClInclude>
    <ClInclude Include="Model\SearchAlg\Searcher.h">
      <Filter>Header Files</Filter>
    </ClInclude>
    <ClInclude Include="Model\SearchAlg\Solution.h">
      <Filter>Header Files</Filter>
    </ClInclude>
    <ClInclude Include="Model\Maze\Maze2D.h">
      <Filter>Header Files</Filter>
    </ClInclude>
    <ClInclude Include="Model\Maze\Maze2dGenerator.h">
      <Filter>Header Files</Filter>
    </ClInclude>
    <ClInclude Include="Model\Maze\Position.h">
      <Filter>Header Files</Filter>
    </ClInclude>
    <ClInclude Include="Model\Demo\Demo.h">
      <Filter>Header Files</Filter>
    </ClInclude>
    <ClInclude Include="Model\compress\Compression.h">
      <Filter>Header Files</Filter>
    </ClInclude>
    <ClInclude Include="Model\compress\mazeCompression.h">
      <Filter>Header Files</Filter>
    </ClInclude>
    <ClInclude Include="Model\compress\MazeCompressor.h">
      <Filter>Header Files</Filter>
    </ClInclude>
    <ClInclude Include="Controller\Command.h">
      <Filter>Header Files</Filter>
    </ClInclude>
    <ClInclude Include="Controller\Controller.h">
      <Filter>Header Files</Filter>
    </ClInclude>
    <ClInclude Include="Controller\MazeContoroller.h">
      <Filter>Header Files</Filter>
    </ClInclude>
  </ItemGroup>
</Project>